// !$*UTF8*$!
{
	archiveVersion = 1;
	classes = {
	};
	objectVersion = 56;
	objects = {

/* Begin PBXBuildFile section */
		C258B2702B04BEC8009CC6C8 /* FirstScreen.swift in Sources */ = {isa = PBXBuildFile; fileRef = C258B26F2B04BEC8009CC6C8 /* FirstScreen.swift */; };
		C258B28F2B065BF3009CC6C8 /* Twitt.swift in Sources */ = {isa = PBXBuildFile; fileRef = C258B28E2B065BF3009CC6C8 /* Twitt.swift */; };
		C2A69E392B0380FA0018E661 /* NC1_XApp.swift in Sources */ = {isa = PBXBuildFile; fileRef = C2A69E382B0380FA0018E661 /* NC1_XApp.swift */; };
		C2A69E3D2B0380FA0018E661 /* Item.swift in Sources */ = {isa = PBXBuildFile; fileRef = C2A69E3C2B0380FA0018E661 /* Item.swift */; };
		C2A69E3F2B0380FB0018E661 /* Assets.xcassets in Resources */ = {isa = PBXBuildFile; fileRef = C2A69E3E2B0380FB0018E661 /* Assets.xcassets */; };
		C2A69E422B0380FB0018E661 /* Preview Assets.xcassets in Resources */ = {isa = PBXBuildFile; fileRef = C2A69E412B0380FB0018E661 /* Preview Assets.xcassets */; };
		C2AF494F2B0D2B8C00D3BBA4 /* SecondTwitt.swift in Sources */ = {isa = PBXBuildFile; fileRef = C2AF494E2B0D2B8C00D3BBA4 /* SecondTwitt.swift */; };
		C2AF49512B0D2CC300D3BBA4 /* bktwitt.swift in Sources */ = {isa = PBXBuildFile; fileRef = C2AF49502B0D2CC300D3BBA4 /* bktwitt.swift */; };
		C2AF49592B0E482500D3BBA4 /* Launch Screen.storyboard in Resources */ = {isa = PBXBuildFile; fileRef = C2AF49582B0E482500D3BBA4 /* Launch Screen.storyboard */; };
		C2C6408D2B038DD30025D8E3 /* Data.swift in Sources */ = {isa = PBXBuildFile; fileRef = C2C6408C2B038DD30025D8E3 /* Data.swift */; };
		C2D0EC942B079E5F00E116D3 /* Utils.swift in Sources */ = {isa = PBXBuildFile; fileRef = C2D0EC932B079E5F00E116D3 /* Utils.swift */; };
		C2D0EC962B07ADA100E116D3 /* TweetViewModel.swift in Sources */ = {isa = PBXBuildFile; fileRef = C2D0EC952B07ADA100E116D3 /* TweetViewModel.swift */; };
		C2F972D02B0B5BA100DEFBB3 /* TweetScreen.swift in Sources */ = {isa = PBXBuildFile; fileRef = C2F972CF2B0B5BA100DEFBB3 /* TweetScreen.swift */; };
/* End PBXBuildFile section */

/* Begin PBXFileReference section */
		C258B26F2B04BEC8009CC6C8 /* FirstScreen.swift */ = {isa = PBXFileReference; lastKnownFileType = sourcecode.swift; path = FirstScreen.swift; sourceTree = "<group>"; };
		C258B28E2B065BF3009CC6C8 /* Twitt.swift */ = {isa = PBXFileReference; lastKnownFileType = sourcecode.swift; path = Twitt.swift; sourceTree = "<group>"; };
		C2A69E352B0380FA0018E661 /* H.app */ = {isa = PBXFileReference; explicitFileType = wrapper.application; includeInIndex = 0; path = H.app; sourceTree = BUILT_PRODUCTS_DIR; };
		C2A69E382B0380FA0018E661 /* NC1_XApp.swift */ = {isa = PBXFileReference; lastKnownFileType = sourcecode.swift; path = NC1_XApp.swift; sourceTree = "<group>"; };
		C2A69E3C2B0380FA0018E661 /* Item.swift */ = {isa = PBXFileReference; lastKnownFileType = sourcecode.swift; path = Item.swift; sourceTree = "<group>"; };
		C2A69E3E2B0380FB0018E661 /* Assets.xcassets */ = {isa = PBXFileReference; lastKnownFileType = folder.assetcatalog; path = Assets.xcassets; sourceTree = "<group>"; };
		C2A69E412B0380FB0018E661 /* Preview Assets.xcassets */ = {isa = PBXFileReference; lastKnownFileType = folder.assetcatalog; path = "Preview Assets.xcassets"; sourceTree = "<group>"; };
		C2AF494E2B0D2B8C00D3BBA4 /* SecondTwitt.swift */ = {isa = PBXFileReference; lastKnownFileType = sourcecode.swift; path = SecondTwitt.swift; sourceTree = "<group>"; };
		C2AF49502B0D2CC300D3BBA4 /* bktwitt.swift */ = {isa = PBXFileReference; lastKnownFileType = sourcecode.swift; path = bktwitt.swift; sourceTree = "<group>"; };
		C2AF49582B0E482500D3BBA4 /* Launch Screen.storyboard */ = {isa = PBXFileReference; lastKnownFileType = file.storyboard; path = "Launch Screen.storyboard"; sourceTree = "<group>"; };
		C2C6408C2B038DD30025D8E3 /* Data.swift */ = {isa = PBXFileReference; lastKnownFileType = sourcecode.swift; path = Data.swift; sourceTree = "<group>"; };
		C2D0EC932B079E5F00E116D3 /* Utils.swift */ = {isa = PBXFileReference; lastKnownFileType = sourcecode.swift; path = Utils.swift; sourceTree = "<group>"; };
		C2D0EC952B07ADA100E116D3 /* TweetViewModel.swift */ = {isa = PBXFileReference; lastKnownFileType = sourcecode.swift; path = TweetViewModel.swift; sourceTree = "<group>"; };
		C2F972CF2B0B5BA100DEFBB3 /* TweetScreen.swift */ = {isa = PBXFileReference; lastKnownFileType = sourcecode.swift; path = TweetScreen.swift; sourceTree = "<group>"; };
/* End PBXFileReference section */

/* Begin PBXFrameworksBuildPhase section */
		C2A69E322B0380FA0018E661 /* Frameworks */ = {
			isa = PBXFrameworksBuildPhase;
			buildActionMask = 2147483647;
			files = (
			);
			runOnlyForDeploymentPostprocessing = 0;
		};
/* End PBXFrameworksBuildPhase section */

/* Begin PBXGroup section */
		C2A69E2C2B0380FA0018E661 = {
			isa = PBXGroup;
			children = (
				C2A69E372B0380FA0018E661 /* NC1-X */,
				C2A69E362B0380FA0018E661 /* Products */,
			);
			sourceTree = "<group>";
		};
		C2A69E362B0380FA0018E661 /* Products */ = {
			isa = PBXGroup;
			children = (
				C2A69E352B0380FA0018E661 /* H.app */,
			);
			name = Products;
			sourceTree = "<group>";
		};
		C2A69E372B0380FA0018E661 /* NC1-X */ = {
			isa = PBXGroup;
			children = (
				C2A69E382B0380FA0018E661 /* NC1_XApp.swift */,
				C2D0EC932B079E5F00E116D3 /* Utils.swift */,
				C2C6408B2B0384140025D8E3 /* Project */,
				C2A69E3C2B0380FA0018E661 /* Item.swift */,
				C2A69E3E2B0380FB0018E661 /* Assets.xcassets */,
				C2A69E402B0380FB0018E661 /* Preview Content */,
			);
			path = "NC1-X";
			sourceTree = "<group>";
		};
		C2A69E402B0380FB0018E661 /* Preview Content */ = {
			isa = PBXGroup;
			children = (
				C2A69E412B0380FB0018E661 /* Preview Assets.xcassets */,
			);
			path = "Preview Content";
			sourceTree = "<group>";
		};
		C2C6408B2B0384140025D8E3 /* Project */ = {
			isa = PBXGroup;
			children = (
				C258B26F2B04BEC8009CC6C8 /* FirstScreen.swift */,
				C2F972CF2B0B5BA100DEFBB3 /* TweetScreen.swift */,
				C2D0EC952B07ADA100E116D3 /* TweetViewModel.swift */,
				C2C6408C2B038DD30025D8E3 /* Data.swift */,
				C258B28E2B065BF3009CC6C8 /* Twitt.swift */,
				C2AF49502B0D2CC300D3BBA4 /* bktwitt.swift */,
				C2AF494E2B0D2B8C00D3BBA4 /* SecondTwitt.swift */,
				C2AF49582B0E482500D3BBA4 /* Launch Screen.storyboard */,
			);
			path = Project;
			sourceTree = "<group>";
		};
/* End PBXGroup section */

/* Begin PBXNativeTarget section */
		C2A69E342B0380FA0018E661 /* H */ = {
			isa = PBXNativeTarget;
			buildConfigurationList = C2A69E452B0380FB0018E661 /* Build configuration list for PBXNativeTarget "H" */;
			buildPhases = (
				C2A69E312B0380FA0018E661 /* Sources */,
				C2A69E322B0380FA0018E661 /* Frameworks */,
				C2A69E332B0380FA0018E661 /* Resources */,
			);
			buildRules = (
			);
			dependencies = (
			);
			name = H;
			packageProductDependencies = (
			);
			productName = "NC1-X";
			productReference = C2A69E352B0380FA0018E661 /* H.app */;
			productType = "com.apple.product-type.application";
		};
/* End PBXNativeTarget section */

/* Begin PBXProject section */
		C2A69E2D2B0380FA0018E661 /* Project object */ = {
			isa = PBXProject;
			attributes = {
				BuildIndependentTargetsInParallel = 1;
				LastSwiftUpdateCheck = 1500;
				LastUpgradeCheck = 1500;
				TargetAttributes = {
					C2A69E342B0380FA0018E661 = {
						CreatedOnToolsVersion = 15.0;
					};
				};
			};
			buildConfigurationList = C2A69E302B0380FA0018E661 /* Build configuration list for PBXProject "NC1-X" */;
			compatibilityVersion = "Xcode 14.0";
			developmentRegion = en;
			hasScannedForEncodings = 0;
			knownRegions = (
				en,
				Base,
			);
			mainGroup = C2A69E2C2B0380FA0018E661;
			packageReferences = (
			);
			productRefGroup = C2A69E362B0380FA0018E661 /* Products */;
			projectDirPath = "";
			projectRoot = "";
			targets = (
				C2A69E342B0380FA0018E661 /* H */,
			);
		};
/* End PBXProject section */

/* Begin PBXResourcesBuildPhase section */
		C2A69E332B0380FA0018E661 /* Resources */ = {
			isa = PBXResourcesBuildPhase;
			buildActionMask = 2147483647;
			files = (
				C2AF49592B0E482500D3BBA4 /* Launch Screen.storyboard in Resources */,
				C2A69E422B0380FB0018E661 /* Preview Assets.xcassets in Resources */,
				C2A69E3F2B0380FB0018E661 /* Assets.xcassets in Resources */,
			);
			runOnlyForDeploymentPostprocessing = 0;
		};
/* End PBXResourcesBuildPhase section */

/* Begin PBXSourcesBuildPhase section */
		C2A69E312B0380FA0018E661 /* Sources */ = {
			isa = PBXSourcesBuildPhase;
			buildActionMask = 2147483647;
			files = (
				C2C6408D2B038DD30025D8E3 /* Data.swift in Sources */,
				C2AF49512B0D2CC300D3BBA4 /* bktwitt.swift in Sources */,
				C258B28F2B065BF3009CC6C8 /* Twitt.swift in Sources */,
				C2F972D02B0B5BA100DEFBB3 /* TweetScreen.swift in Sources */,
				C2A69E3D2B0380FA0018E661 /* Item.swift in Sources */,
				C2A69E392B0380FA0018E661 /* NC1_XApp.swift in Sources */,
				C2D0EC962B07ADA100E116D3 /* TweetViewModel.swift in Sources */,
				C258B2702B04BEC8009CC6C8 /* FirstScreen.swift in Sources */,
				C2AF494F2B0D2B8C00D3BBA4 /* SecondTwitt.swift in Sources */,
				C2D0EC942B079E5F00E116D3 /* Utils.swift in Sources */,
			);
			runOnlyForDeploymentPostprocessing = 0;
		};
/* End PBXSourcesBuildPhase section */

/* Begin XCBuildConfiguration section */
		C2A69E432B0380FB0018E661 /* Debug */ = {
			isa = XCBuildConfiguration;
			buildSettings = {
				ALWAYS_SEARCH_USER_PATHS = NO;
				ASSETCATALOG_COMPILER_GENERATE_SWIFT_ASSET_SYMBOL_EXTENSIONS = YES;
				CLANG_ANALYZER_NONNULL = YES;
				CLANG_ANALYZER_NUMBER_OBJECT_CONVERSION = YES_AGGRESSIVE;
				CLANG_CXX_LANGUAGE_STANDARD = "gnu++20";
				CLANG_ENABLE_MODULES = YES;
				CLANG_ENABLE_OBJC_ARC = YES;
				CLANG_ENABLE_OBJC_WEAK = YES;
				CLANG_WARN_BLOCK_CAPTURE_AUTORELEASING = YES;
				CLANG_WARN_BOOL_CONVERSION = YES;
				CLANG_WARN_COMMA = YES;
				CLANG_WARN_CONSTANT_CONVERSION = YES;
				CLANG_WARN_DEPRECATED_OBJC_IMPLEMENTATIONS = YES;
				CLANG_WARN_DIRECT_OBJC_ISA_USAGE = YES_ERROR;
				CLANG_WARN_DOCUMENTATION_COMMENTS = YES;
				CLANG_WARN_EMPTY_BODY = YES;
				CLANG_WARN_ENUM_CONVERSION = YES;
				CLANG_WARN_INFINITE_RECURSION = YES;
				CLANG_WARN_INT_CONVERSION = YES;
				CLANG_WARN_NON_LITERAL_NULL_CONVERSION = YES;
				CLANG_WARN_OBJC_IMPLICIT_RETAIN_SELF = YES;
				CLANG_WARN_OBJC_LITERAL_CONVERSION = YES;
				CLANG_WARN_OBJC_ROOT_CLASS = YES_ERROR;
				CLANG_WARN_QUOTED_INCLUDE_IN_FRAMEWORK_HEADER = YES;
				CLANG_WARN_RANGE_LOOP_ANALYSIS = YES;
				CLANG_WARN_STRICT_PROTOTYPES = YES;
				CLANG_WARN_SUSPICIOUS_MOVE = YES;
				CLANG_WARN_UNGUARDED_AVAILABILITY = YES_AGGRESSIVE;
				CLANG_WARN_UNREACHABLE_CODE = YES;
				CLANG_WARN__DUPLICATE_METHOD_MATCH = YES;
				COPY_PHASE_STRIP = NO;
				DEBUG_INFORMATION_FORMAT = dwarf;
				ENABLE_STRICT_OBJC_MSGSEND = YES;
				ENABLE_TESTABILITY = YES;
				ENABLE_USER_SCRIPT_SANDBOXING = YES;
				GCC_C_LANGUAGE_STANDARD = gnu17;
				GCC_DYNAMIC_NO_PIC = NO;
				GCC_NO_COMMON_BLOCKS = YES;
				GCC_OPTIMIZATION_LEVEL = 0;
				GCC_PREPROCESSOR_DEFINITIONS = (
					"DEBUG=1",
					"$(inherited)",
				);
				GCC_WARN_64_TO_32_BIT_CONVERSION = YES;
				GCC_WARN_ABOUT_RETURN_TYPE = YES_ERROR;
				GCC_WARN_UNDECLARED_SELECTOR = YES;
				GCC_WARN_UNINITIALIZED_AUTOS = YES_AGGRESSIVE;
				GCC_WARN_UNUSED_FUNCTION = YES;
				GCC_WARN_UNUSED_VARIABLE = YES;
				INFOPLIST_KEY_UILaunchScreen_Generation = NO;
				IPHONEOS_DEPLOYMENT_TARGET = 17.0;
				LOCALIZATION_PREFERS_STRING_CATALOGS = YES;
				MTL_ENABLE_DEBUG_INFO = INCLUDE_SOURCE;
				MTL_FAST_MATH = YES;
				ONLY_ACTIVE_ARCH = YES;
				SDKROOT = iphoneos;
				SWIFT_ACTIVE_COMPILATION_CONDITIONS = "DEBUG $(inherited)";
				SWIFT_OPTIMIZATION_LEVEL = "-Onone";
			};
			name = Debug;
		};
		C2A69E442B0380FB0018E661 /* Release */ = {
			isa = XCBuildConfiguration;
			buildSettings = {
				ALWAYS_SEARCH_USER_PATHS = NO;
				ASSETCATALOG_COMPILER_GENERATE_SWIFT_ASSET_SYMBOL_EXTENSIONS = YES;
				CLANG_ANALYZER_NONNULL = YES;
				CLANG_ANALYZER_NUMBER_OBJECT_CONVERSION = YES_AGGRESSIVE;
				CLANG_CXX_LANGUAGE_STANDARD = "gnu++20";
				CLANG_ENABLE_MODULES = YES;
				CLANG_ENABLE_OBJC_ARC = YES;
				CLANG_ENABLE_OBJC_WEAK = YES;
				CLANG_WARN_BLOCK_CAPTURE_AUTORELEASING = YES;
				CLANG_WARN_BOOL_CONVERSION = YES;
				CLANG_WARN_COMMA = YES;
				CLANG_WARN_CONSTANT_CONVERSION = YES;
				CLANG_WARN_DEPRECATED_OBJC_IMPLEMENTATIONS = YES;
				CLANG_WARN_DIRECT_OBJC_ISA_USAGE = YES_ERROR;
				CLANG_WARN_DOCUMENTATION_COMMENTS = YES;
				CLANG_WARN_EMPTY_BODY = YES;
				CLANG_WARN_ENUM_CONVERSION = YES;
				CLANG_WARN_INFINITE_RECURSION = YES;
				CLANG_WARN_INT_CONVERSION = YES;
				CLANG_WARN_NON_LITERAL_NULL_CONVERSION = YES;
				CLANG_WARN_OBJC_IMPLICIT_RETAIN_SELF = YES;
				CLANG_WARN_OBJC_LITERAL_CONVERSION = YES;
				CLANG_WARN_OBJC_ROOT_CLASS = YES_ERROR;
				CLANG_WARN_QUOTED_INCLUDE_IN_FRAMEWORK_HEADER = YES;
				CLANG_WARN_RANGE_LOOP_ANALYSIS = YES;
				CLANG_WARN_STRICT_PROTOTYPES = YES;
				CLANG_WARN_SUSPICIOUS_MOVE = YES;
				CLANG_WARN_UNGUARDED_AVAILABILITY = YES_AGGRESSIVE;
				CLANG_WARN_UNREACHABLE_CODE = YES;
				CLANG_WARN__DUPLICATE_METHOD_MATCH = YES;
				COPY_PHASE_STRIP = NO;
				DEBUG_INFORMATION_FORMAT = "dwarf-with-dsym";
				ENABLE_NS_ASSERTIONS = NO;
				ENABLE_STRICT_OBJC_MSGSEND = YES;
				ENABLE_USER_SCRIPT_SANDBOXING = YES;
				GCC_C_LANGUAGE_STANDARD = gnu17;
				GCC_NO_COMMON_BLOCKS = YES;
				GCC_WARN_64_TO_32_BIT_CONVERSION = YES;
				GCC_WARN_ABOUT_RETURN_TYPE = YES_ERROR;
				GCC_WARN_UNDECLARED_SELECTOR = YES;
				GCC_WARN_UNINITIALIZED_AUTOS = YES_AGGRESSIVE;
				GCC_WARN_UNUSED_FUNCTION = YES;
				GCC_WARN_UNUSED_VARIABLE = YES;
				INFOPLIST_KEY_UILaunchScreen_Generation = NO;
				IPHONEOS_DEPLOYMENT_TARGET = 17.0;
				LOCALIZATION_PREFERS_STRING_CATALOGS = YES;
				MTL_ENABLE_DEBUG_INFO = NO;
				MTL_FAST_MATH = YES;
				SDKROOT = iphoneos;
				SWIFT_COMPILATION_MODE = wholemodule;
				VALIDATE_PRODUCT = YES;
			};
			name = Release;
		};
		C2A69E462B0380FB0018E661 /* Debug */ = {
			isa = XCBuildConfiguration;
			buildSettings = {
				ASSETCATALOG_COMPILER_APPICON_NAME = AppIcon;
				ASSETCATALOG_COMPILER_GLOBAL_ACCENT_COLOR_NAME = AccentColor;
				ASSETCATALOG_COMPILER_INCLUDE_ALL_APPICON_ASSETS = NO;
				CODE_SIGN_STYLE = Automatic;
				CURRENT_PROJECT_VERSION = 1;
				DEVELOPMENT_ASSET_PATHS = "\"NC1-X/Preview Content\"";
				DEVELOPMENT_TEAM = UU6556PJ33;
				ENABLE_PREVIEWS = YES;
				GENERATE_INFOPLIST_FILE = YES;
				INFOPLIST_FILE = "H-Info.plist";
				INFOPLIST_KEY_UIApplicationSceneManifest_Generation = YES;
				INFOPLIST_KEY_UIApplicationSupportsIndirectInputEvents = YES;
				INFOPLIST_KEY_UILaunchScreen_Generation = YES;
				INFOPLIST_KEY_UILaunchStoryboardName = "Launch Screen.storyboard";
				INFOPLIST_KEY_UISupportedInterfaceOrientations = UIInterfaceOrientationPortrait;
				INFOPLIST_KEY_UISupportedInterfaceOrientations_iPad = "UIInterfaceOrientationPortrait UIInterfaceOrientationPortraitUpsideDown";
				LD_RUNPATH_SEARCH_PATHS = (
					"$(inherited)",
					"@executable_path/Frameworks",
				);
				MARKETING_VERSION = 1.0;
				PRODUCT_BUNDLE_IDENTIFIER = "com.matteo-cotena.NC1-X";
				PRODUCT_NAME = "$(TARGET_NAME)";
				SWIFT_EMIT_LOC_STRINGS = YES;
				SWIFT_VERSION = 5.0;
				TARGETED_DEVICE_FAMILY = "1,2";
			};
			name = Debug;
		};
		C2A69E472B0380FB0018E661 /* Release */ = {
			isa = XCBuildConfiguration;
			buildSettings = {
				ASSETCATALOG_COMPILER_APPICON_NAME = AppIcon;
				ASSETCATALOG_COMPILER_GLOBAL_ACCENT_COLOR_NAME = AccentColor;
				ASSETCATALOG_COMPILER_INCLUDE_ALL_APPICON_ASSETS = NO;
				CODE_SIGN_STYLE = Automatic;
				CURRENT_PROJECT_VERSION = 1;
				DEVELOPMENT_ASSET_PATHS = "\"NC1-X/Preview Content\"";
				DEVELOPMENT_TEAM = UU6556PJ33;
				ENABLE_PREVIEWS = YES;
				GENERATE_INFOPLIST_FILE = YES;
				INFOPLIST_FILE = "H-Info.plist";
				INFOPLIST_KEY_UIApplicationSceneManifest_Generation = YES;
				INFOPLIST_KEY_UIApplicationSupportsIndirectInputEvents = YES;
				INFOPLIST_KEY_UILaunchScreen_Generation = YES;
				INFOPLIST_KEY_UILaunchStoryboardName = "Launch Screen.storyboard";
				INFOPLIST_KEY_UISupportedInterfaceOrientations = UIInterfaceOrientationPortrait;
				INFOPLIST_KEY_UISupportedInterfaceOrientations_iPad = "UIInterfaceOrientationPortrait UIInterfaceOrientationPortraitUpsideDown";
				LD_RUNPATH_SEARCH_PATHS = (
					"$(inherited)",
					"@executable_path/Frameworks",
				);
				MARKETING_VERSION = 1.0;
				PRODUCT_BUNDLE_IDENTIFIER = "com.matteo-cotena.NC1-X";
				PRODUCT_NAME = "$(TARGET_NAME)";
				SWIFT_EMIT_LOC_STRINGS = YES;
				SWIFT_VERSION = 5.0;
				TARGETED_DEVICE_FAMILY = "1,2";
			};
			name = Release;
		};
/* End XCBuildConfiguration section */

/* Begin XCConfigurationList section */
		C2A69E302B0380FA0018E661 /* Build configuration list for PBXProject "NC1-X" */ = {
			isa = XCConfigurationList;
			buildConfigurations = (
				C2A69E432B0380FB0018E661 /* Debug */,
				C2A69E442B0380FB0018E661 /* Release */,
			);
			defaultConfigurationIsVisible = 0;
			defaultConfigurationName = Release;
		};
		C2A69E452B0380FB0018E661 /* Build configuration list for PBXNativeTarget "H" */ = {
			isa = XCConfigurationList;
			buildConfigurations = (
				C2A69E462B0380FB0018E661 /* Debug */,
				C2A69E472B0380FB0018E661 /* Release */,
			);
			defaultConfigurationIsVisible = 0;
			defaultConfigurationName = Release;
		};
/* End XCConfigurationList section */
	};
	rootObject = C2A69E2D2B0380FA0018E661 /* Project object */;
}
